
Microsoft Visual Studio Solution File, Format Version 12.00
# Visual Studio Version 17
VisualStudioVersion = 17.2.32630.192
MinimumVisualStudioVersion = 10.0.40219.1
Project("{9A19103F-16F7-4668-BE54-9A1E7A4F7556}") = "com.da.alquileres.api", "com.da.alquileres.api\com.da.alquileres.api.csproj", "{FA72AA4E-B74B-4E1E-A337-5E4C1615A7E6}"
EndProject
Global
	GlobalSection(SolutionConfigurationPlatforms) = preSolution
		Debug|Any CPU = Debug|Any CPU
		Release|Any CPU = Release|Any CPU
	EndGlobalSection
	GlobalSection(ProjectConfigurationPlatforms) = postSolution
		{FA72AA4E-B74B-4E1E-A337-5E4C1615A7E6}.Debug|Any CPU.ActiveCfg = Debug|Any CPU
		{FA72AA4E-B74B-4E1E-A337-5E4C1615A7E6}.Debug|Any CPU.Build.0 = Debug|Any CPU
		{FA72AA4E-B74B-4E1E-A337-5E4C1615A7E6}.Release|Any CPU.ActiveCfg = Release|Any CPU
		{FA72AA4E-B74B-4E1E-A337-5E4C1615A7E6}.Release|Any CPU.Build.0 = Release|Any CPU
	EndGlobalSection
	GlobalSection(SolutionProperties) = preSolution
		HideSolutionNode = FALSE
	EndGlobalSection
	GlobalSection(ExtensibilityGlobals) = postSolution
		SolutionGuid = {89A3D9CC-FCB7-4638-9F98-F3F73CB580C3}
	EndGlobalSection
EndGlobal
