
Microsoft Visual Studio Solution File, Format Version 12.00
# Visual Studio Version 17
VisualStudioVersion = 17.2.32630.192
MinimumVisualStudioVersion = 10.0.40219.1
Project("{FAE04EC0-301F-11D3-BF4B-00C04F79EFBC}") = "com.da.alquiler.API", "com.da.alquiler.API\com.da.alquiler.API.csproj", "{FC0E15C1-497F-475C-8AD0-9B2080ACB831}"
EndProject
Global
	GlobalSection(SolutionConfigurationPlatforms) = preSolution
		Debug|Any CPU = Debug|Any CPU
		Release|Any CPU = Release|Any CPU
	EndGlobalSection
	GlobalSection(ProjectConfigurationPlatforms) = postSolution
		{FC0E15C1-497F-475C-8AD0-9B2080ACB831}.Debug|Any CPU.ActiveCfg = Debug|Any CPU
		{FC0E15C1-497F-475C-8AD0-9B2080ACB831}.Debug|Any CPU.Build.0 = Debug|Any CPU
		{FC0E15C1-497F-475C-8AD0-9B2080ACB831}.Release|Any CPU.ActiveCfg = Release|Any CPU
		{FC0E15C1-497F-475C-8AD0-9B2080ACB831}.Release|Any CPU.Build.0 = Release|Any CPU
	EndGlobalSection
	GlobalSection(SolutionProperties) = preSolution
		HideSolutionNode = FALSE
	EndGlobalSection
	GlobalSection(ExtensibilityGlobals) = postSolution
		SolutionGuid = {F36BF9C4-6577-4304-AD32-2A7A0C425DD2}
	EndGlobalSection
EndGlobal
